
Microsoft Visual Studio Solution File, Format Version 12.00
# Visual Studio Version 17
VisualStudioVersion = 17.10.34916.146
MinimumVisualStudioVersion = 10.0.40219.1
Project("{2150E333-8FDC-42A3-9474-1A3956D46DE8}") = "Test", "Test", "{41BC169A-8A9E-4478-B57F-5FEC5045532B}"
EndProject
Project("{9A19103F-16F7-4668-BE54-9A1E7A4F7556}") = "Test.Domain", "Test.Domain\Test.Domain.csproj", "{2B85D7A7-7B9A-45A9-A09C-E54252EE30FC}"
EndProject
Project("{9A19103F-16F7-4668-BE54-9A1E7A4F7556}") = "Test.Commands.Infrastructure", "Test.Commands.Infrastructure\Test.Commands.Infrastructure.csproj", "{CC9E47B8-0193-4010-8DCB-FB510ACD9CDD}"
EndProject
Project("{9A19103F-16F7-4668-BE54-9A1E7A4F7556}") = "Test.Commands.Application", "Test.Commands.Aplication\Test.Commands.Application.csproj", "{A88ABAD4-E403-4425-A555-8BCFF68D0161}"
EndProject
Project("{2150E333-8FDC-42A3-9474-1A3956D46DE8}") = "Commands", "Commands", "{F90A02B5-7D2E-49A9-BA76-62A02E579B62}"
EndProject
Project("{9A19103F-16F7-4668-BE54-9A1E7A4F7556}") = "Test.Commands.Api", "Test.Commands.Api\Test.Commands.Api.csproj", "{AC459636-EF0F-4986-8B1D-3E9543B3BE30}"
EndProject
Project("{2150E333-8FDC-42A3-9474-1A3956D46DE8}") = "Consumer", "Consumer", "{18C9B589-B643-4AFC-8F54-85D7B6D9F814}"
EndProject
Project("{9A19103F-16F7-4668-BE54-9A1E7A4F7556}") = "Test.Consumer", "Test.Consumer\Test.Consumer.csproj", "{6B39F81E-933F-41E8-943E-B177AFD3622E}"
EndProject
Project("{9A19103F-16F7-4668-BE54-9A1E7A4F7556}") = "Test.Consumer.Application", "Test.Consumer.Application\Test.Consumer.Application.csproj", "{B5DB90EC-1105-4E1F-8D50-3397DD96F61B}"
EndProject
Project("{9A19103F-16F7-4668-BE54-9A1E7A4F7556}") = "Test.Consumer.Infrastructure", "Test.Consumer.Infrastructure\Test.Consumer.Infrastructure.csproj", "{B216B3B5-2D58-4199-8A45-F4686D347E05}"
EndProject
Project("{2150E333-8FDC-42A3-9474-1A3956D46DE8}") = "Queries", "Queries", "{FA6CB69E-7CFA-4DAB-8D70-0687F80716F3}"
EndProject
Project("{9A19103F-16F7-4668-BE54-9A1E7A4F7556}") = "Test.Queries.Api", "Test.Queries.Api\Test.Queries.Api.csproj", "{D9727A75-E041-47E9-A874-CF3260B553E8}"
EndProject
Project("{9A19103F-16F7-4668-BE54-9A1E7A4F7556}") = "Test.Queries.Application", "Test.Queries.Application\Test.Queries.Application.csproj", "{167149B4-1160-491C-98FA-8C83760A00CC}"
EndProject
Project("{9A19103F-16F7-4668-BE54-9A1E7A4F7556}") = "Test.Queries.Infrastructure", "Test.Queries.Infrastructure\Test.Queries.Infrastructure.csproj", "{4BFE1FA7-96BC-4B50-8A79-4013B9457B70}"
EndProject
Global
	GlobalSection(SolutionConfigurationPlatforms) = preSolution
		Debug|Any CPU = Debug|Any CPU
		Release|Any CPU = Release|Any CPU
	EndGlobalSection
	GlobalSection(ProjectConfigurationPlatforms) = postSolution
		{2B85D7A7-7B9A-45A9-A09C-E54252EE30FC}.Debug|Any CPU.ActiveCfg = Debug|Any CPU
		{2B85D7A7-7B9A-45A9-A09C-E54252EE30FC}.Debug|Any CPU.Build.0 = Debug|Any CPU
		{2B85D7A7-7B9A-45A9-A09C-E54252EE30FC}.Release|Any CPU.ActiveCfg = Release|Any CPU
		{2B85D7A7-7B9A-45A9-A09C-E54252EE30FC}.Release|Any CPU.Build.0 = Release|Any CPU
		{CC9E47B8-0193-4010-8DCB-FB510ACD9CDD}.Debug|Any CPU.ActiveCfg = Debug|Any CPU
		{CC9E47B8-0193-4010-8DCB-FB510ACD9CDD}.Debug|Any CPU.Build.0 = Debug|Any CPU
		{CC9E47B8-0193-4010-8DCB-FB510ACD9CDD}.Release|Any CPU.ActiveCfg = Release|Any CPU
		{CC9E47B8-0193-4010-8DCB-FB510ACD9CDD}.Release|Any CPU.Build.0 = Release|Any CPU
		{A88ABAD4-E403-4425-A555-8BCFF68D0161}.Debug|Any CPU.ActiveCfg = Debug|Any CPU
		{A88ABAD4-E403-4425-A555-8BCFF68D0161}.Debug|Any CPU.Build.0 = Debug|Any CPU
		{A88ABAD4-E403-4425-A555-8BCFF68D0161}.Release|Any CPU.ActiveCfg = Release|Any CPU
		{A88ABAD4-E403-4425-A555-8BCFF68D0161}.Release|Any CPU.Build.0 = Release|Any CPU
		{AC459636-EF0F-4986-8B1D-3E9543B3BE30}.Debug|Any CPU.ActiveCfg = Debug|Any CPU
		{AC459636-EF0F-4986-8B1D-3E9543B3BE30}.Debug|Any CPU.Build.0 = Debug|Any CPU
		{AC459636-EF0F-4986-8B1D-3E9543B3BE30}.Release|Any CPU.ActiveCfg = Release|Any CPU
		{AC459636-EF0F-4986-8B1D-3E9543B3BE30}.Release|Any CPU.Build.0 = Release|Any CPU
		{6B39F81E-933F-41E8-943E-B177AFD3622E}.Debug|Any CPU.ActiveCfg = Debug|Any CPU
		{6B39F81E-933F-41E8-943E-B177AFD3622E}.Debug|Any CPU.Build.0 = Debug|Any CPU
		{6B39F81E-933F-41E8-943E-B177AFD3622E}.Release|Any CPU.ActiveCfg = Release|Any CPU
		{6B39F81E-933F-41E8-943E-B177AFD3622E}.Release|Any CPU.Build.0 = Release|Any CPU
		{B5DB90EC-1105-4E1F-8D50-3397DD96F61B}.Debug|Any CPU.ActiveCfg = Debug|Any CPU
		{B5DB90EC-1105-4E1F-8D50-3397DD96F61B}.Debug|Any CPU.Build.0 = Debug|Any CPU
		{B5DB90EC-1105-4E1F-8D50-3397DD96F61B}.Release|Any CPU.ActiveCfg = Release|Any CPU
		{B5DB90EC-1105-4E1F-8D50-3397DD96F61B}.Release|Any CPU.Build.0 = Release|Any CPU
		{B216B3B5-2D58-4199-8A45-F4686D347E05}.Debug|Any CPU.ActiveCfg = Debug|Any CPU
		{B216B3B5-2D58-4199-8A45-F4686D347E05}.Debug|Any CPU.Build.0 = Debug|Any CPU
		{B216B3B5-2D58-4199-8A45-F4686D347E05}.Release|Any CPU.ActiveCfg = Release|Any CPU
		{B216B3B5-2D58-4199-8A45-F4686D347E05}.Release|Any CPU.Build.0 = Release|Any CPU
		{D9727A75-E041-47E9-A874-CF3260B553E8}.Debug|Any CPU.ActiveCfg = Debug|Any CPU
		{D9727A75-E041-47E9-A874-CF3260B553E8}.Debug|Any CPU.Build.0 = Debug|Any CPU
		{D9727A75-E041-47E9-A874-CF3260B553E8}.Release|Any CPU.ActiveCfg = Release|Any CPU
		{D9727A75-E041-47E9-A874-CF3260B553E8}.Release|Any CPU.Build.0 = Release|Any CPU
		{167149B4-1160-491C-98FA-8C83760A00CC}.Debug|Any CPU.ActiveCfg = Debug|Any CPU
		{167149B4-1160-491C-98FA-8C83760A00CC}.Debug|Any CPU.Build.0 = Debug|Any CPU
		{167149B4-1160-491C-98FA-8C83760A00CC}.Release|Any CPU.ActiveCfg = Release|Any CPU
		{167149B4-1160-491C-98FA-8C83760A00CC}.Release|Any CPU.Build.0 = Release|Any CPU
		{4BFE1FA7-96BC-4B50-8A79-4013B9457B70}.Debug|Any CPU.ActiveCfg = Debug|Any CPU
		{4BFE1FA7-96BC-4B50-8A79-4013B9457B70}.Debug|Any CPU.Build.0 = Debug|Any CPU
		{4BFE1FA7-96BC-4B50-8A79-4013B9457B70}.Release|Any CPU.ActiveCfg = Release|Any CPU
		{4BFE1FA7-96BC-4B50-8A79-4013B9457B70}.Release|Any CPU.Build.0 = Release|Any CPU
	EndGlobalSection
	GlobalSection(SolutionProperties) = preSolution
		HideSolutionNode = FALSE
	EndGlobalSection
	GlobalSection(NestedProjects) = preSolution
		{2B85D7A7-7B9A-45A9-A09C-E54252EE30FC} = {41BC169A-8A9E-4478-B57F-5FEC5045532B}
		{CC9E47B8-0193-4010-8DCB-FB510ACD9CDD} = {F90A02B5-7D2E-49A9-BA76-62A02E579B62}
		{A88ABAD4-E403-4425-A555-8BCFF68D0161} = {F90A02B5-7D2E-49A9-BA76-62A02E579B62}
		{F90A02B5-7D2E-49A9-BA76-62A02E579B62} = {41BC169A-8A9E-4478-B57F-5FEC5045532B}
		{AC459636-EF0F-4986-8B1D-3E9543B3BE30} = {F90A02B5-7D2E-49A9-BA76-62A02E579B62}
		{18C9B589-B643-4AFC-8F54-85D7B6D9F814} = {41BC169A-8A9E-4478-B57F-5FEC5045532B}
		{6B39F81E-933F-41E8-943E-B177AFD3622E} = {18C9B589-B643-4AFC-8F54-85D7B6D9F814}
		{B5DB90EC-1105-4E1F-8D50-3397DD96F61B} = {18C9B589-B643-4AFC-8F54-85D7B6D9F814}
		{B216B3B5-2D58-4199-8A45-F4686D347E05} = {18C9B589-B643-4AFC-8F54-85D7B6D9F814}
		{FA6CB69E-7CFA-4DAB-8D70-0687F80716F3} = {41BC169A-8A9E-4478-B57F-5FEC5045532B}
		{D9727A75-E041-47E9-A874-CF3260B553E8} = {FA6CB69E-7CFA-4DAB-8D70-0687F80716F3}
		{167149B4-1160-491C-98FA-8C83760A00CC} = {FA6CB69E-7CFA-4DAB-8D70-0687F80716F3}
		{4BFE1FA7-96BC-4B50-8A79-4013B9457B70} = {FA6CB69E-7CFA-4DAB-8D70-0687F80716F3}
	EndGlobalSection
	GlobalSection(ExtensibilityGlobals) = postSolution
		SolutionGuid = {1482E70E-DD5A-432F-AE9C-737F9DE458A4}
	EndGlobalSection
EndGlobal
